{
  "name": "boruta",
  "version": "0.0.1",
  "lockfileVersion": 1,
  "requires": true,
  "dependencies": {
    "binomial-cdf": {
      "version": "1.0.4",
      "resolved": "https://registry.npmjs.org/binomial-cdf/-/binomial-cdf-1.0.4.tgz",
      "integrity": "sha1-TI7aGHzlyUK0mRsKzGhTSyE335w=",
      "requires": {
        "choose": "^0.0.0"
      }
    },
    "choose": {
      "version": "0.0.0",
      "resolved": "https://registry.npmjs.org/choose/-/choose-0.0.0.tgz",
      "integrity": "sha1-6k1Twc4j6nYOLZjlLJBtPo90DRs="
    },
    "csv-parse": {
      "version": "4.8.9",
      "resolved": "https://registry.npmjs.org/csv-parse/-/csv-parse-4.8.9.tgz",
      "integrity": "sha512-uDxIDIDLb89gxqixSgGqDj3EA5A8D0pgUeyp9Qut8u+eCIC8IXkTtaxJEnnWDb6N2HqBY64suSlcOGg5ZBtsAQ==",
      "dev": true
    },
    "importance": {
      "version": "0.0.1",
      "resolved": "https://registry.npmjs.org/importance/-/importance-0.0.1.tgz",
      "integrity": "sha512-cFKpTojvYuGInDboxURDkuOLP5GTIR38QS1BsrB1+sFeFRxqjdXUCgf3kIm2Apt290GH62rjc52IIbZVlwnqjQ=="
    },
    "random-forest": {
      "version": "0.0.5",
      "resolved": "https://registry.npmjs.org/random-forest/-/random-forest-0.0.5.tgz",
      "integrity": "sha512-f67BjD+X2XgZeVXn+quApldHF7x4pOuCjaMbwiDCVSsNuJbMudRJwNGvEsdCdER2N1SJfuO+XdIjRc66Z2kNdg==",
      "requires": {
        "importance": "0.0.2"
      },
      "dependencies": {
        "importance": {
          "version": "0.0.2",
          "resolved": "https://registry.npmjs.org/importance/-/importance-0.0.2.tgz",
          "integrity": "sha512-ucEvYmRbnDX0qFJ5pPuJ5q7H6rpvcldAMpsNHrJBBNkvK2OCTh3+/ur6ObpFQMofgMgqE2JADrCqmscTKWD/Zg=="
        }
      }
    }
  }
}
